
Microsoft Visual Studio Solution File, Format Version 12.00
# Visual Studio Version 17
VisualStudioVersion = 17.11.35327.3
MinimumVisualStudioVersion = 10.0.40219.1
Project("{8BC9CEB8-8B4A-11D0-8D11-00A0C91BC942}") = "СИАООООД", "СИАООООД\СИАООООД.vcxproj", "{D475AA91-36D7-4AA5-987A-FB5011AA7D65}"
EndProject
Global
	GlobalSection(SolutionConfigurationPlatforms) = preSolution
		Debug|x64 = Debug|x64
		Debug|x86 = Debug|x86
		Release|x64 = Release|x64
		Release|x86 = Release|x86
	EndGlobalSection
	GlobalSection(ProjectConfigurationPlatforms) = postSolution
		{D475AA91-36D7-4AA5-987A-FB5011AA7D65}.Debug|x64.ActiveCfg = Debug|x64
		{D475AA91-36D7-4AA5-987A-FB5011AA7D65}.Debug|x64.Build.0 = Debug|x64
		{D475AA91-36D7-4AA5-987A-FB5011AA7D65}.Debug|x86.ActiveCfg = Debug|Win32
		{D475AA91-36D7-4AA5-987A-FB5011AA7D65}.Debug|x86.Build.0 = Debug|Win32
		{D475AA91-36D7-4AA5-987A-FB5011AA7D65}.Release|x64.ActiveCfg = Release|x64
		{D475AA91-36D7-4AA5-987A-FB5011AA7D65}.Release|x64.Build.0 = Release|x64
		{D475AA91-36D7-4AA5-987A-FB5011AA7D65}.Release|x86.ActiveCfg = Release|Win32
		{D475AA91-36D7-4AA5-987A-FB5011AA7D65}.Release|x86.Build.0 = Release|Win32
	EndGlobalSection
	GlobalSection(SolutionProperties) = preSolution
		HideSolutionNode = FALSE
	EndGlobalSection
	GlobalSection(ExtensibilityGlobals) = postSolution
		SolutionGuid = {1F108086-4617-430F-8A2D-5F2AB453A862}
	EndGlobalSection
EndGlobal
